{
  "name": "evote-bridge-v2",
  "version": "2.0.0",
  "lockfileVersion": 3,
  "requires": true,
  "packages": {
    "": {
      "name": "evote-bridge-v2",
      "version": "2.0.0",
      "dependencies": {
        "resend": "^3.2.0",
        "@supabase/supabase-js": "^2.39.0",
        "otplib": "^12.0.1",
        "qrcode": "^1.5.3"
      }
    },
    "node_modules/@supabase/supabase-js": {
      "version": "2.39.0",
      "resolved": "https://registry.npmjs.org/@supabase/supabase-js/-/supabase-js-2.39.0.tgz",
      "integrity": "sha512-abcdef1234567890abcdef1234567890abcdef1234567890"
    },
    "node_modules/otplib": {
      "version": "12.0.1",
      "resolved": "https://registry.npmjs.org/otplib/-/otplib-12.0.1.tgz",
      "integrity": "sha512-abcdef1234567890abcdef1234567890abcdef1234567890"
    },
    "node_modules/qrcode": {
      "version": "1.5.3",
      "resolved": "https://registry.npmjs.org/qrcode/-/qrcode-1.5.3.tgz",
      "integrity": "sha512-abcdef1234567890abcdef1234567890abcdef1234567890"
    },
    "node_modules/resend": {
      "version": "3.2.0",
      "resolved": "https://registry.npmjs.org/resend/-/resend-3.2.0.tgz",
      "integrity": "sha512-abcdef1234567890abcdef1234567890abcdef1234567890"
    }
  }
}
